
Microsoft Visual Studio Solution File, Format Version 12.00
# Visual Studio Version 17
VisualStudioVersion = 17.3.32505.426
MinimumVisualStudioVersion = 10.0.40219.1
Project("{FAE04EC0-301F-11D3-BF4B-00C04F79EFBC}") = "pcso-barbs-frontend", "pcso-barbs-frontend.csproj", "{9BFE8112-174A-4CF0-A3C2-CCE08EA9D8D3}"
EndProject
Global
	GlobalSection(SolutionConfigurationPlatforms) = preSolution
		Debug|Any CPU = Debug|Any CPU
		Release|Any CPU = Release|Any CPU
	EndGlobalSection
	GlobalSection(ProjectConfigurationPlatforms) = postSolution
		{9BFE8112-174A-4CF0-A3C2-CCE08EA9D8D3}.Debug|Any CPU.ActiveCfg = Debug|Any CPU
		{9BFE8112-174A-4CF0-A3C2-CCE08EA9D8D3}.Debug|Any CPU.Build.0 = Debug|Any CPU
		{9BFE8112-174A-4CF0-A3C2-CCE08EA9D8D3}.Release|Any CPU.ActiveCfg = Release|Any CPU
		{9BFE8112-174A-4CF0-A3C2-CCE08EA9D8D3}.Release|Any CPU.Build.0 = Release|Any CPU
	EndGlobalSection
	GlobalSection(SolutionProperties) = preSolution
		HideSolutionNode = FALSE
	EndGlobalSection
	GlobalSection(ExtensibilityGlobals) = postSolution
		SolutionGuid = {DD8FD4E5-D945-478F-A764-BF736DE04B96}
	EndGlobalSection
EndGlobal
